
Microsoft Visual Studio Solution File, Format Version 11.00
# Visual C++ Express 2010
Project("{8BC9CEB8-8B4A-11D0-8D11-00A0C91BC942}") = "TCP_Chat", "TCP_Chat.vcxproj", "{7B66F33B-36D9-4DE8-90D9-0AC23390F228}"
EndProject
Global
	GlobalSection(SolutionConfigurationPlatforms) = preSolution
		Debug|Win32 = Debug|Win32
		Release|Win32 = Release|Win32
	EndGlobalSection
	GlobalSection(ProjectConfigurationPlatforms) = postSolution
		{7B66F33B-36D9-4DE8-90D9-0AC23390F228}.Debug|Win32.ActiveCfg = Debug|Win32
		{7B66F33B-36D9-4DE8-90D9-0AC23390F228}.Debug|Win32.Build.0 = Debug|Win32
		{7B66F33B-36D9-4DE8-90D9-0AC23390F228}.Release|Win32.ActiveCfg = Release|Win32
		{7B66F33B-36D9-4DE8-90D9-0AC23390F228}.Release|Win32.Build.0 = Release|Win32
	EndGlobalSection
	GlobalSection(SolutionProperties) = preSolution
		HideSolutionNode = FALSE
	EndGlobalSection
EndGlobal
